github.com/cip-core-mirrors/cip-core-portal-theme v0.0.0-20200227142057-c3a8e648c44f h1:iHFfevNxk3wwPpBKj7rxTCCr9Qhe5+gU31mdhpJpfNE=
github.com/cip-core-mirrors/cip-core-portal-theme v0.0.0-20200227142057-c3a8e648c44f/go.mod h1:DcdUXmvUMCgQnvzyGa5sSfpaBHYirRgob89f4nLOuBU=
github.com/cip-core-mirrors/cip-core-portal-theme v0.0.0-20200227171553-561ba40d74ef h1:egApeJP4hkdYDmJbxjf0eVz2sRYsRB8Y4pJNij/1SNM=
github.com/cip-core-mirrors/cip-core-portal-theme v0.0.0-20200227171553-561ba40d74ef/go.mod h1:DcdUXmvUMCgQnvzyGa5sSfpaBHYirRgob89f4nLOuBU=
github.com/cip-core-mirrors/cip-core-portal-theme v0.0.0-20200228064017-84d4e30e420b h1:nSPx3mv8p6qV8YVnZvEh+C6DL73TxMZZyv9CN+oxBI4=
github.com/cip-core-mirrors/cip-core-portal-theme v0.0.0-20200228064017-84d4e30e420b/go.mod h1:DcdUXmvUMCgQnvzyGa5sSfpaBHYirRgob89f4nLOuBU=
