github.com/cip-core-mirrors/cip-core-portal-theme v0.0.0-20200422143210-a18fe791e529 h1:tUFJ9ZEKdCbN/vIRBEbxXWIWb1WFZ/3N7MTP4JjTjyQ=
github.com/cip-core-mirrors/cip-core-portal-theme v0.0.0-20200422143210-a18fe791e529/go.mod h1:DcdUXmvUMCgQnvzyGa5sSfpaBHYirRgob89f4nLOuBU=
github.com/cip-core-mirrors/cip-core-portal-theme v0.0.0-20200924125829-3ea2a18da873 h1:a7TmzRM51i1SimRBwcRVstX1Z9PXgMmjBvQHHkeT+MY=
github.com/cip-core-mirrors/cip-core-portal-theme v0.0.0-20200924125829-3ea2a18da873/go.mod h1:DcdUXmvUMCgQnvzyGa5sSfpaBHYirRgob89f4nLOuBU=
