github.com/cip-core-mirrors/cip-core-portal-theme v0.0.0-20200421165123-34674705e686/go.mod h1:DcdUXmvUMCgQnvzyGa5sSfpaBHYirRgob89f4nLOuBU=
github.com/cip-core-mirrors/cip-core-portal-theme v0.0.0-20200421171226-1a81aac07578 h1:SXJ22P8fBSIH/IDAFwEZfWTUgnldm/KGmRKZe7tU8tU=
github.com/cip-core-mirrors/cip-core-portal-theme v0.0.0-20200421171226-1a81aac07578/go.mod h1:DcdUXmvUMCgQnvzyGa5sSfpaBHYirRgob89f4nLOuBU=
github.com/cip-core-mirrors/cip-core-portal-theme v0.0.0-20200422142051-14c692b4bd54 h1:RSx6C4wttrM5pYq67621UgMsx36xYdAv5Oe/f9v/QeE=
github.com/cip-core-mirrors/cip-core-portal-theme v0.0.0-20200422142051-14c692b4bd54/go.mod h1:DcdUXmvUMCgQnvzyGa5sSfpaBHYirRgob89f4nLOuBU=
